
Microsoft Visual Studio Solution File, Format Version 12.00
# Visual Studio 15
VisualStudioVersion = 15.0.26730.16
MinimumVisualStudioVersion = 10.0.40219.1
Project("{FAE04EC0-301F-11D3-BF4B-00C04F79EFBC}") = "pocetakPZ2", "pocetakPZ2\pocetakPZ2.csproj", "{7B77ED27-0C2A-4E3E-ADBA-D49316477C68}"
EndProject
Global
	GlobalSection(SolutionConfigurationPlatforms) = preSolution
		Debug|Any CPU = Debug|Any CPU
		Release|Any CPU = Release|Any CPU
	EndGlobalSection
	GlobalSection(ProjectConfigurationPlatforms) = postSolution
		{7B77ED27-0C2A-4E3E-ADBA-D49316477C68}.Debug|Any CPU.ActiveCfg = Debug|Any CPU
		{7B77ED27-0C2A-4E3E-ADBA-D49316477C68}.Debug|Any CPU.Build.0 = Debug|Any CPU
		{7B77ED27-0C2A-4E3E-ADBA-D49316477C68}.Release|Any CPU.ActiveCfg = Release|Any CPU
		{7B77ED27-0C2A-4E3E-ADBA-D49316477C68}.Release|Any CPU.Build.0 = Release|Any CPU
	EndGlobalSection
	GlobalSection(SolutionProperties) = preSolution
		HideSolutionNode = FALSE
	EndGlobalSection
	GlobalSection(ExtensibilityGlobals) = postSolution
		SolutionGuid = {8CF690C8-99D8-4495-914B-FEB508DC1F5E}
	EndGlobalSection
EndGlobal
